{
  "nodes": {
    "flake-compat": {
      "flake": false,
      "locked": {
        "lastModified": 1673956053,
        "narHash": "sha256-4gtG9iQuiKITOjNQQeQIpoIB6b16fm+504Ch3sNKLd8=",
        "owner": "edolstra",
        "repo": "flake-compat",
        "rev": "35bb57c0c8d8b62bbfd284272c928ceb64ddbde9",
        "type": "github"
      },
      "original": {
        "owner": "edolstra",
        "repo": "flake-compat",
        "type": "github"
      }
    },
    "flake-parts": {
      "inputs": {
        "nixpkgs-lib": "nixpkgs-lib"
      },
      "locked": {
        "lastModified": 1693611461,
        "narHash": "sha256-aPODl8vAgGQ0ZYFIRisxYG5MOGSkIczvu2Cd8Gb9+1Y=",
        "owner": "hercules-ci",
        "repo": "flake-parts",
        "rev": "7f53fdb7bdc5bb237da7fefef12d099e4fd611ca",
        "type": "github"
      },
      "original": {
        "owner": "hercules-ci",
        "repo": "flake-parts",
        "type": "github"
      }
    },
    "flake-utils": {
      "locked": {
        "lastModified": 1677835344,
        "narHash": "sha256-+SF1dfj02xAizhtY2/pEPyA0DP0pMvZZjC2aMyprYhA=",
        "owner": "DarkKirb",
        "repo": "flake-utils",
        "rev": "17cffe5284b6da6b50cc82f4d2b4c3ff8185f83c",
        "type": "github"
      },
      "original": {
        "owner": "DarkKirb",
        "repo": "flake-utils",
        "type": "github"
      }
    },
    "gomod2nix": {
      "inputs": {
        "nixpkgs": [
          "nix-packages",
          "nixpkgs"
        ],
        "utils": [
          "nix-packages",
          "flake-utils"
        ]
      },
      "locked": {
        "lastModified": 1692555015,
        "narHash": "sha256-QS7fNVS9ToprIt93R/S+BVerAttNkYI3/SVQI3jciLs=",
        "owner": "DarkKirb",
        "repo": "gomod2nix",
        "rev": "de2e02108ef1e6ab52a71676f7735a3fc1bea741",
        "type": "github"
      },
      "original": {
        "owner": "DarkKirb",
        "repo": "gomod2nix",
        "type": "github"
      }
    },
    "haskell-flake": {
      "locked": {
        "lastModified": 1694478711,
        "narHash": "sha256-zW/saV4diypxwP56b8l93Nw8fR7tXLbOFku2I+xYCxU=",
        "owner": "srid",
        "repo": "haskell-flake",
        "rev": "ddc704f3f62d3d3569ced794b534e8fd065c379c",
        "type": "github"
      },
      "original": {
        "owner": "srid",
        "repo": "haskell-flake",
        "type": "github"
      }
    },
    "hydra": {
      "inputs": {
        "nix": "nix",
        "nixpkgs": [
          "nix-packages",
          "hydra",
          "nix",
          "nixpkgs"
        ]
      },
      "locked": {
        "lastModified": 1685431783,
        "narHash": "sha256-NriQMCsRiB7fYJ9v+3Tw3/jshB8y/tNsHwgqz24cxO4=",
        "ref": "refs/heads/master",
        "rev": "51c2319f653df748adfbc7a5fa7440205ad884df",
        "revCount": 4066,
        "type": "git",
        "url": "https://git.chir.rs/darkkirb/hydra"
      },
      "original": {
        "type": "git",
        "url": "https://git.chir.rs/darkkirb/hydra"
      }
    },
    "lowdown-src": {
      "flake": false,
      "locked": {
        "lastModified": 1633514407,
        "narHash": "sha256-Dw32tiMjdK9t3ETl5fzGrutQTzh2rufgZV4A/BbxuD4=",
        "owner": "kristapsdz",
        "repo": "lowdown",
        "rev": "d2c2b44ff6c27b936ec27358a2653caaef8f73b8",
        "type": "github"
      },
      "original": {
        "owner": "kristapsdz",
        "repo": "lowdown",
        "type": "github"
      }
    },
    "mautrix-cleanup": {
      "inputs": {
        "flake-utils": [
          "nix-packages",
          "flake-utils"
        ],
        "nixpkgs": [
          "nix-packages",
          "nixpkgs"
        ]
      },
      "locked": {
        "lastModified": 1678395415,
        "narHash": "sha256-l7upZ8y8SobYtv+RYD7DodRU74DGvDRjvaKfj8VmAow=",
        "owner": "DarkKirb",
        "repo": "mautrix-cleanup",
        "rev": "5f5f51ce8b7560d18ddae1824bc253a9e896ab0b",
        "type": "github"
      },
      "original": {
        "owner": "DarkKirb",
        "repo": "mautrix-cleanup",
        "type": "github"
      }
    },
    "nix": {
      "inputs": {
        "lowdown-src": "lowdown-src",
        "nixpkgs": "nixpkgs",
        "nixpkgs-regression": "nixpkgs-regression"
      },
      "locked": {
        "lastModified": 1677045134,
        "narHash": "sha256-jUc2ccTR8f6MGY2pUKgujm+lxSPNGm/ZAP+toX+nMNc=",
        "owner": "nixos",
        "repo": "nix",
        "rev": "4acc684ef7b3117c6d6ac12837398a0008a53d85",
        "type": "github"
      },
      "original": {
        "owner": "nixos",
        "ref": "2.13.3",
        "repo": "nix",
        "type": "github"
      }
    },
    "nix-packages": {
      "inputs": {
        "flake-compat": "flake-compat",
        "flake-utils": "flake-utils",
        "gomod2nix": "gomod2nix",
        "hydra": "hydra",
        "mautrix-cleanup": "mautrix-cleanup",
        "nixpkgs": [
          "nixpkgs"
        ]
      },
      "locked": {
        "lastModified": 1695493039,
        "narHash": "sha256-jyCiRfLhTnMHso3/1NA+UsGnzT5xI9JiGNjf2tOtCAQ=",
        "owner": "DarkKirb",
        "repo": "nix-packages",
        "rev": "d0014b42307dc3a8ffe7d1af6321063de6a8638a",
        "type": "github"
      },
      "original": {
        "owner": "DarkKirb",
        "repo": "nix-packages",
        "type": "github"
      }
    },
    "nixpkgs": {
      "locked": {
        "lastModified": 1670461440,
        "narHash": "sha256-jy1LB8HOMKGJEGXgzFRLDU1CBGL0/LlkolgnqIsF0D8=",
        "owner": "NixOS",
        "repo": "nixpkgs",
        "rev": "04a75b2eecc0acf6239acf9dd04485ff8d14f425",
        "type": "github"
      },
      "original": {
        "owner": "NixOS",
        "ref": "nixos-22.11-small",
        "repo": "nixpkgs",
        "type": "github"
      }
    },
    "nixpkgs-lib": {
      "locked": {
        "dir": "lib",
        "lastModified": 1693471703,
        "narHash": "sha256-0l03ZBL8P1P6z8MaSDS/MvuU8E75rVxe5eE1N6gxeTo=",
        "owner": "NixOS",
        "repo": "nixpkgs",
        "rev": "3e52e76b70d5508f3cec70b882a29199f4d1ee85",
        "type": "github"
      },
      "original": {
        "dir": "lib",
        "owner": "NixOS",
        "ref": "nixos-unstable",
        "repo": "nixpkgs",
        "type": "github"
      }
    },
    "nixpkgs-regression": {
      "locked": {
        "lastModified": 1643052045,
        "narHash": "sha256-uGJ0VXIhWKGXxkeNnq4TvV3CIOkUJ3PAoLZ3HMzNVMw=",
        "owner": "NixOS",
        "repo": "nixpkgs",
        "rev": "215d4d0fd80ca5163643b03a33fde804a29cc1e2",
        "type": "github"
      },
      "original": {
        "owner": "NixOS",
        "repo": "nixpkgs",
        "rev": "215d4d0fd80ca5163643b03a33fde804a29cc1e2",
        "type": "github"
      }
    },
    "nixpkgs_2": {
      "locked": {
        "lastModified": 1695546640,
        "narHash": "sha256-uNqyg+C6CvemYRRVol+4A2wfmtJaVDDNlqueYokWMJQ=",
        "owner": "nixos",
        "repo": "nixpkgs",
        "rev": "9dd23c11a01782e49b8de2731a5bf5663b079bb0",
        "type": "github"
      },
      "original": {
        "owner": "nixos",
        "repo": "nixpkgs",
        "type": "github"
      }
    },
    "root": {
      "inputs": {
        "flake-parts": "flake-parts",
        "haskell-flake": "haskell-flake",
        "nix-packages": "nix-packages",
        "nixpkgs": "nixpkgs_2",
        "systems": "systems",
        "treefmt-nix": "treefmt-nix"
      }
    },
    "systems": {
      "locked": {
        "lastModified": 1681028828,
        "narHash": "sha256-Vy1rq5AaRuLzOxct8nz4T6wlgyUR7zLU309k9mBC768=",
        "owner": "nix-systems",
        "repo": "default",
        "rev": "da67096a3b9bf56a91d16901293e51ba5b49a27e",
        "type": "github"
      },
      "original": {
        "owner": "nix-systems",
        "repo": "default",
        "type": "github"
      }
    },
    "treefmt-nix": {
      "inputs": {
        "nixpkgs": [
          "nixpkgs"
        ]
      },
      "locked": {
        "lastModified": 1695290086,
        "narHash": "sha256-ol6licpIAzc9oMsEai/9YZhgSMcrnlnD/3ulMLGNKL0=",
        "owner": "numtide",
        "repo": "treefmt-nix",
        "rev": "e951529be2e7c669487de78f5aef8597bbae5fca",
        "type": "github"
      },
      "original": {
        "owner": "numtide",
        "repo": "treefmt-nix",
        "type": "github"
      }
    }
  },
  "root": "root",
  "version": 7
}
